
Microsoft Visual Studio Solution File, Format Version 12.00
# Visual Studio Version 17
VisualStudioVersion = 17.6.33815.320
MinimumVisualStudioVersion = 10.0.40219.1
Project("{FAE04EC0-301F-11D3-BF4B-00C04F79EFBC}") = "livro_api", "livro_api\livro_api.csproj", "{14B35D9F-6062-4ED2-A50E-D798910B548A}"
EndProject
Global
	GlobalSection(SolutionConfigurationPlatforms) = preSolution
		Debug|Any CPU = Debug|Any CPU
		Release|Any CPU = Release|Any CPU
	EndGlobalSection
	GlobalSection(ProjectConfigurationPlatforms) = postSolution
		{14B35D9F-6062-4ED2-A50E-D798910B548A}.Debug|Any CPU.ActiveCfg = Debug|Any CPU
		{14B35D9F-6062-4ED2-A50E-D798910B548A}.Debug|Any CPU.Build.0 = Debug|Any CPU
		{14B35D9F-6062-4ED2-A50E-D798910B548A}.Release|Any CPU.ActiveCfg = Release|Any CPU
		{14B35D9F-6062-4ED2-A50E-D798910B548A}.Release|Any CPU.Build.0 = Release|Any CPU
	EndGlobalSection
	GlobalSection(SolutionProperties) = preSolution
		HideSolutionNode = FALSE
	EndGlobalSection
	GlobalSection(ExtensibilityGlobals) = postSolution
		SolutionGuid = {ECC1FA01-0400-4B93-94B6-E9FFA524035F}
	EndGlobalSection
EndGlobal
